
Microsoft Visual Studio Solution File, Format Version 12.00
# Visual Studio Version 16
VisualStudioVersion = 16.0.31321.278
MinimumVisualStudioVersion = 10.0.40219.1
Project("{FAE04EC0-301F-11D3-BF4B-00C04F79EFBC}") = "Exam", "Exam\Exam.csproj", "{89CB7215-4F4B-4B3B-A76A-29789E0EF40A}"
EndProject
Project("{FAE04EC0-301F-11D3-BF4B-00C04F79EFBC}") = "02.Survivor", "02.Survivor\02.Survivor.csproj", "{C4ED88AF-7AED-4B1A-82D1-404ED89AD542}"
EndProject
Global
	GlobalSection(SolutionConfigurationPlatforms) = preSolution
		Debug|Any CPU = Debug|Any CPU
		Release|Any CPU = Release|Any CPU
	EndGlobalSection
	GlobalSection(ProjectConfigurationPlatforms) = postSolution
		{89CB7215-4F4B-4B3B-A76A-29789E0EF40A}.Debug|Any CPU.ActiveCfg = Debug|Any CPU
		{89CB7215-4F4B-4B3B-A76A-29789E0EF40A}.Debug|Any CPU.Build.0 = Debug|Any CPU
		{89CB7215-4F4B-4B3B-A76A-29789E0EF40A}.Release|Any CPU.ActiveCfg = Release|Any CPU
		{89CB7215-4F4B-4B3B-A76A-29789E0EF40A}.Release|Any CPU.Build.0 = Release|Any CPU
		{C4ED88AF-7AED-4B1A-82D1-404ED89AD542}.Debug|Any CPU.ActiveCfg = Debug|Any CPU
		{C4ED88AF-7AED-4B1A-82D1-404ED89AD542}.Debug|Any CPU.Build.0 = Debug|Any CPU
		{C4ED88AF-7AED-4B1A-82D1-404ED89AD542}.Release|Any CPU.ActiveCfg = Release|Any CPU
		{C4ED88AF-7AED-4B1A-82D1-404ED89AD542}.Release|Any CPU.Build.0 = Release|Any CPU
	EndGlobalSection
	GlobalSection(SolutionProperties) = preSolution
		HideSolutionNode = FALSE
	EndGlobalSection
	GlobalSection(ExtensibilityGlobals) = postSolution
		SolutionGuid = {213F03CC-DCAD-4B5C-B759-03422D7EDE96}
	EndGlobalSection
EndGlobal
