
Microsoft Visual Studio Solution File, Format Version 12.00
# Visual Studio Version 16
VisualStudioVersion = 16.0.31129.286
MinimumVisualStudioVersion = 10.0.40219.1
Project("{9A19103F-16F7-4668-BE54-9A1E7A4F7556}") = "Functional Programming - Lab", "Functional Programming - Lab\Functional Programming - Lab.csproj", "{82A4CB11-5D49-44E8-B7F4-B2C120976C67}"
EndProject
Project("{FAE04EC0-301F-11D3-BF4B-00C04F79EFBC}") = "02. Sum Numbers", "02. Sum Numbers\02. Sum Numbers.csproj", "{682DDE86-B420-4532-948F-0618956BDE0A}"
EndProject
Project("{FAE04EC0-301F-11D3-BF4B-00C04F79EFBC}") = "03. Count Uppercase Words", "03. Count Uppercase Words\03. Count Uppercase Words.csproj", "{942BE1A8-6D4E-4714-8E86-46480299F1A6}"
EndProject
Project("{FAE04EC0-301F-11D3-BF4B-00C04F79EFBC}") = "4. Add VAT", "4. Add VAT\4. Add VAT.csproj", "{EDE92CEB-AF2F-4330-981A-93C0DEE93140}"
EndProject
Project("{FAE04EC0-301F-11D3-BF4B-00C04F79EFBC}") = "5. Filter by Age", "5. Filter by Age\5. Filter by Age.csproj", "{809DC3C9-8F1F-4BD4-A087-46D1417BF2B6}"
EndProject
Global
	GlobalSection(SolutionConfigurationPlatforms) = preSolution
		Debug|Any CPU = Debug|Any CPU
		Release|Any CPU = Release|Any CPU
	EndGlobalSection
	GlobalSection(ProjectConfigurationPlatforms) = postSolution
		{82A4CB11-5D49-44E8-B7F4-B2C120976C67}.Debug|Any CPU.ActiveCfg = Debug|Any CPU
		{82A4CB11-5D49-44E8-B7F4-B2C120976C67}.Debug|Any CPU.Build.0 = Debug|Any CPU
		{82A4CB11-5D49-44E8-B7F4-B2C120976C67}.Release|Any CPU.ActiveCfg = Release|Any CPU
		{82A4CB11-5D49-44E8-B7F4-B2C120976C67}.Release|Any CPU.Build.0 = Release|Any CPU
		{682DDE86-B420-4532-948F-0618956BDE0A}.Debug|Any CPU.ActiveCfg = Debug|Any CPU
		{682DDE86-B420-4532-948F-0618956BDE0A}.Debug|Any CPU.Build.0 = Debug|Any CPU
		{682DDE86-B420-4532-948F-0618956BDE0A}.Release|Any CPU.ActiveCfg = Release|Any CPU
		{682DDE86-B420-4532-948F-0618956BDE0A}.Release|Any CPU.Build.0 = Release|Any CPU
		{942BE1A8-6D4E-4714-8E86-46480299F1A6}.Debug|Any CPU.ActiveCfg = Debug|Any CPU
		{942BE1A8-6D4E-4714-8E86-46480299F1A6}.Debug|Any CPU.Build.0 = Debug|Any CPU
		{942BE1A8-6D4E-4714-8E86-46480299F1A6}.Release|Any CPU.ActiveCfg = Release|Any CPU
		{942BE1A8-6D4E-4714-8E86-46480299F1A6}.Release|Any CPU.Build.0 = Release|Any CPU
		{EDE92CEB-AF2F-4330-981A-93C0DEE93140}.Debug|Any CPU.ActiveCfg = Debug|Any CPU
		{EDE92CEB-AF2F-4330-981A-93C0DEE93140}.Debug|Any CPU.Build.0 = Debug|Any CPU
		{EDE92CEB-AF2F-4330-981A-93C0DEE93140}.Release|Any CPU.ActiveCfg = Release|Any CPU
		{EDE92CEB-AF2F-4330-981A-93C0DEE93140}.Release|Any CPU.Build.0 = Release|Any CPU
		{809DC3C9-8F1F-4BD4-A087-46D1417BF2B6}.Debug|Any CPU.ActiveCfg = Debug|Any CPU
		{809DC3C9-8F1F-4BD4-A087-46D1417BF2B6}.Debug|Any CPU.Build.0 = Debug|Any CPU
		{809DC3C9-8F1F-4BD4-A087-46D1417BF2B6}.Release|Any CPU.ActiveCfg = Release|Any CPU
		{809DC3C9-8F1F-4BD4-A087-46D1417BF2B6}.Release|Any CPU.Build.0 = Release|Any CPU
	EndGlobalSection
	GlobalSection(SolutionProperties) = preSolution
		HideSolutionNode = FALSE
	EndGlobalSection
	GlobalSection(ExtensibilityGlobals) = postSolution
		SolutionGuid = {0EB4FBF5-6E07-4C13-ACB4-11EF2E93229E}
	EndGlobalSection
EndGlobal
